
Microsoft Visual Studio Solution File, Format Version 12.00
# Visual Studio Version 16
VisualStudioVersion = 16.0.30907.101
MinimumVisualStudioVersion = 10.0.40219.1
Project("{FAE04EC0-301F-11D3-BF4B-00C04F79EFBC}") = "Problema11", "Problema11.csproj", "{C281F414-E8E8-4655-BB89-C8664ADD0BEA}"
EndProject
Global
	GlobalSection(SolutionConfigurationPlatforms) = preSolution
		Debug|Any CPU = Debug|Any CPU
		Release|Any CPU = Release|Any CPU
	EndGlobalSection
	GlobalSection(ProjectConfigurationPlatforms) = postSolution
		{C281F414-E8E8-4655-BB89-C8664ADD0BEA}.Debug|Any CPU.ActiveCfg = Debug|Any CPU
		{C281F414-E8E8-4655-BB89-C8664ADD0BEA}.Debug|Any CPU.Build.0 = Debug|Any CPU
		{C281F414-E8E8-4655-BB89-C8664ADD0BEA}.Release|Any CPU.ActiveCfg = Release|Any CPU
		{C281F414-E8E8-4655-BB89-C8664ADD0BEA}.Release|Any CPU.Build.0 = Release|Any CPU
	EndGlobalSection
	GlobalSection(SolutionProperties) = preSolution
		HideSolutionNode = FALSE
	EndGlobalSection
	GlobalSection(ExtensibilityGlobals) = postSolution
		SolutionGuid = {61A9A27A-1DDD-4B99-998D-CC6C455EBEC1}
	EndGlobalSection
EndGlobal
