
Microsoft Visual Studio Solution File, Format Version 12.00
# Visual Studio Version 16
VisualStudioVersion = 16.0.30523.141
MinimumVisualStudioVersion = 10.0.40219.1
Project("{FAE04EC0-301F-11D3-BF4B-00C04F79EFBC}") = "Problema1", "Problema1.csproj", "{ED951400-A5A2-42E1-84D9-2BD9C5F7CF1F}"
EndProject
Global
	GlobalSection(SolutionConfigurationPlatforms) = preSolution
		Debug|Any CPU = Debug|Any CPU
		Release|Any CPU = Release|Any CPU
	EndGlobalSection
	GlobalSection(ProjectConfigurationPlatforms) = postSolution
		{ED951400-A5A2-42E1-84D9-2BD9C5F7CF1F}.Debug|Any CPU.ActiveCfg = Debug|Any CPU
		{ED951400-A5A2-42E1-84D9-2BD9C5F7CF1F}.Debug|Any CPU.Build.0 = Debug|Any CPU
		{ED951400-A5A2-42E1-84D9-2BD9C5F7CF1F}.Release|Any CPU.ActiveCfg = Release|Any CPU
		{ED951400-A5A2-42E1-84D9-2BD9C5F7CF1F}.Release|Any CPU.Build.0 = Release|Any CPU
	EndGlobalSection
	GlobalSection(SolutionProperties) = preSolution
		HideSolutionNode = FALSE
	EndGlobalSection
	GlobalSection(ExtensibilityGlobals) = postSolution
		SolutionGuid = {73A80F1E-1C32-4640-A5A3-CFBFE24A99F8}
	EndGlobalSection
EndGlobal
